// !$*UTF8*$!
{
	archiveVersion = 1;
	classes = {
	};
	objectVersion = 46;
	objects = {

/* Begin PBXBuildFile section */
		120005091F7864F200FE0365 /* AppDelegate.swift in Sources */ = {isa = PBXBuildFile; fileRef = 120005081F7864F200FE0365 /* AppDelegate.swift */; };
		1200050B1F7864F200FE0365 /* ViewController.swift in Sources */ = {isa = PBXBuildFile; fileRef = 1200050A1F7864F200FE0365 /* ViewController.swift */; };
		1200050E1F7864F200FE0365 /* Main.storyboard in Resources */ = {isa = PBXBuildFile; fileRef = 1200050C1F7864F200FE0365 /* Main.storyboard */; };
		120005111F7864F200FE0365 /* ioscalculator.xcdatamodeld in Sources */ = {isa = PBXBuildFile; fileRef = 1200050F1F7864F200FE0365 /* ioscalculator.xcdatamodeld */; };
		120005131F7864F200FE0365 /* Assets.xcassets in Resources */ = {isa = PBXBuildFile; fileRef = 120005121F7864F200FE0365 /* Assets.xcassets */; };
		120005161F7864F200FE0365 /* LaunchScreen.storyboard in Resources */ = {isa = PBXBuildFile; fileRef = 120005141F7864F200FE0365 /* LaunchScreen.storyboard */; };
/* End PBXBuildFile section */

/* Begin PBXFileReference section */
		120005051F7864F200FE0365 /* ioscalculator.app */ = {isa = PBXFileReference; explicitFileType = wrapper.application; includeInIndex = 0; path = ioscalculator.app; sourceTree = BUILT_PRODUCTS_DIR; };
		120005081F7864F200FE0365 /* AppDelegate.swift */ = {isa = PBXFileReference; lastKnownFileType = sourcecode.swift; path = AppDelegate.swift; sourceTree = "<group>"; };
		1200050A1F7864F200FE0365 /* ViewController.swift */ = {isa = PBXFileReference; lastKnownFileType = sourcecode.swift; path = ViewController.swift; sourceTree = "<group>"; };
		1200050D1F7864F200FE0365 /* Base */ = {isa = PBXFileReference; lastKnownFileType = file.storyboard; name = Base; path = Base.lproj/Main.storyboard; sourceTree = "<group>"; };
		120005101F7864F200FE0365 /* ioscalculator.xcdatamodel */ = {isa = PBXFileReference; lastKnownFileType = wrapper.xcdatamodel; path = ioscalculator.xcdatamodel; sourceTree = "<group>"; };
		120005121F7864F200FE0365 /* Assets.xcassets */ = {isa = PBXFileReference; lastKnownFileType = folder.assetcatalog; path = Assets.xcassets; sourceTree = "<group>"; };
		120005151F7864F200FE0365 /* Base */ = {isa = PBXFileReference; lastKnownFileType = file.storyboard; name = Base; path = Base.lproj/LaunchScreen.storyboard; sourceTree = "<group>"; };
		120005171F7864F200FE0365 /* Info.plist */ = {isa = PBXFileReference; lastKnownFileType = text.plist.xml; path = Info.plist; sourceTree = "<group>"; };
/* End PBXFileReference section */

/* Begin PBXFrameworksBuildPhase section */
		120005021F7864F200FE0365 /* Frameworks */ = {
			isa = PBXFrameworksBuildPhase;
			buildActionMask = 2147483647;
			files = (
			);
			runOnlyForDeploymentPostprocessing = 0;
		};
/* End PBXFrameworksBuildPhase section */

/* Begin PBXGroup section */
		120004FC1F7864F200FE0365 = {
			isa = PBXGroup;
			children = (
				120005071F7864F200FE0365 /* ioscalculator */,
				120005061F7864F200FE0365 /* Products */,
			);
			sourceTree = "<group>";
		};
		120005061F7864F200FE0365 /* Products */ = {
			isa = PBXGroup;
			children = (
				120005051F7864F200FE0365 /* ioscalculator.app */,
			);
			name = Products;
			sourceTree = "<group>";
		};
		120005071F7864F200FE0365 /* ioscalculator */ = {
			isa = PBXGroup;
			children = (
				120005081F7864F200FE0365 /* AppDelegate.swift */,
				1200050A1F7864F200FE0365 /* ViewController.swift */,
				1200050C1F7864F200FE0365 /* Main.storyboard */,
				120005121F7864F200FE0365 /* Assets.xcassets */,
				120005141F7864F200FE0365 /* LaunchScreen.storyboard */,
				120005171F7864F200FE0365 /* Info.plist */,
				1200050F1F7864F200FE0365 /* ioscalculator.xcdatamodeld */,
			);
			path = ioscalculator;
			sourceTree = "<group>";
		};
/* End PBXGroup section */

/* Begin PBXNativeTarget section */
		120005041F7864F200FE0365 /* ioscalculator */ = {
			isa = PBXNativeTarget;
			buildConfigurationList = 1200051A1F7864F200FE0365 /* Build configuration list for PBXNativeTarget "ioscalculator" */;
			buildPhases = (
				120005011F7864F200FE0365 /* Sources */,
				120005021F7864F200FE0365 /* Frameworks */,
				120005031F7864F200FE0365 /* Resources */,
			);
			buildRules = (
			);
			dependencies = (
			);
			name = ioscalculator;
			productName = ioscalculator;
			productReference = 120005051F7864F200FE0365 /* ioscalculator.app */;
			productType = "com.apple.product-type.application";
		};
/* End PBXNativeTarget section */

/* Begin PBXProject section */
		120004FD1F7864F200FE0365 /* Project object */ = {
			isa = PBXProject;
			attributes = {
				LastSwiftUpdateCheck = 0830;
				LastUpgradeCheck = 0830;
				ORGANIZATIONNAME = "Hong Gao";
				TargetAttributes = {
					120005041F7864F200FE0365 = {
						CreatedOnToolsVersion = 8.3.3;
						DevelopmentTeam = 4FK69UW4TT;
						ProvisioningStyle = Automatic;
					};
				};
			};
			buildConfigurationList = 120005001F7864F200FE0365 /* Build configuration list for PBXProject "ioscalculator" */;
			compatibilityVersion = "Xcode 3.2";
			developmentRegion = English;
			hasScannedForEncodings = 0;
			knownRegions = (
				en,
				Base,
			);
			mainGroup = 120004FC1F7864F200FE0365;
			productRefGroup = 120005061F7864F200FE0365 /* Products */;
			projectDirPath = "";
			projectRoot = "";
			targets = (
				120005041F7864F200FE0365 /* ioscalculator */,
			);
		};
/* End PBXProject section */

/* Begin PBXResourcesBuildPhase section */
		120005031F7864F200FE0365 /* Resources */ = {
			isa = PBXResourcesBuildPhase;
			buildActionMask = 2147483647;
			files = (
				120005161F7864F200FE0365 /* LaunchScreen.storyboard in Resources */,
				120005131F7864F200FE0365 /* Assets.xcassets in Resources */,
				1200050E1F7864F200FE0365 /* Main.storyboard in Resources */,
			);
			runOnlyForDeploymentPostprocessing = 0;
		};
/* End PBXResourcesBuildPhase section */

/* Begin PBXSourcesBuildPhase section */
		120005011F7864F200FE0365 /* Sources */ = {
			isa = PBXSourcesBuildPhase;
			buildActionMask = 2147483647;
			files = (
				1200050B1F7864F200FE0365 /* ViewController.swift in Sources */,
				120005091F7864F200FE0365 /* AppDelegate.swift in Sources */,
				120005111F7864F200FE0365 /* ioscalculator.xcdatamodeld in Sources */,
			);
			runOnlyForDeploymentPostprocessing = 0;
		};
/* End PBXSourcesBuildPhase section */

/* Begin PBXVariantGroup section */
		1200050C1F7864F200FE0365 /* Main.storyboard */ = {
			isa = PBXVariantGroup;
			children = (
				1200050D1F7864F200FE0365 /* Base */,
			);
			name = Main.storyboard;
			sourceTree = "<group>";
		};
		120005141F7864F200FE0365 /* LaunchScreen.storyboard */ = {
			isa = PBXVariantGroup;
			children = (
				120005151F7864F200FE0365 /* Base */,
			);
			name = LaunchScreen.storyboard;
			sourceTree = "<group>";
		};
/* End PBXVariantGroup section */

/* Begin XCBuildConfiguration section */
		120005181F7864F200FE0365 /* Debug */ = {
			isa = XCBuildConfiguration;
			buildSettings = {
				ALWAYS_SEARCH_USER_PATHS = NO;
				CLANG_ANALYZER_NONNULL = YES;
				CLANG_ANALYZER_NUMBER_OBJECT_CONVERSION = YES_AGGRESSIVE;
				CLANG_CXX_LANGUAGE_STANDARD = "gnu++0x";
				CLANG_CXX_LIBRARY = "libc++";
				CLANG_ENABLE_MODULES = YES;
				CLANG_ENABLE_OBJC_ARC = YES;
				CLANG_WARN_BOOL_CONVERSION = YES;
				CLANG_WARN_CONSTANT_CONVERSION = YES;
				CLANG_WARN_DIRECT_OBJC_ISA_USAGE = YES_ERROR;
				CLANG_WARN_DOCUMENTATION_COMMENTS = YES;
				CLANG_WARN_EMPTY_BODY = YES;
				CLANG_WARN_ENUM_CONVERSION = YES;
				CLANG_WARN_INFINITE_RECURSION = YES;
				CLANG_WARN_INT_CONVERSION = YES;
				CLANG_WARN_OBJC_ROOT_CLASS = YES_ERROR;
				CLANG_WARN_SUSPICIOUS_MOVE = YES;
				CLANG_WARN_UNREACHABLE_CODE = YES;
				CLANG_WARN__DUPLICATE_METHOD_MATCH = YES;
				"CODE_SIGN_IDENTITY[sdk=iphoneos*]" = "iPhone Developer";
				COPY_PHASE_STRIP = NO;
				DEBUG_INFORMATION_FORMAT = dwarf;
				ENABLE_STRICT_OBJC_MSGSEND = YES;
				ENABLE_TESTABILITY = YES;
				GCC_C_LANGUAGE_STANDARD = gnu99;
				GCC_DYNAMIC_NO_PIC = NO;
				GCC_NO_COMMON_BLOCKS = YES;
				GCC_OPTIMIZATION_LEVEL = 0;
				GCC_PREPROCESSOR_DEFINITIONS = (
					"DEBUG=1",
					"$(inherited)",
				);
				GCC_WARN_64_TO_32_BIT_CONVERSION = YES;
				GCC_WARN_ABOUT_RETURN_TYPE = YES_ERROR;
				GCC_WARN_UNDECLARED_SELECTOR = YES;
				GCC_WARN_UNINITIALIZED_AUTOS = YES_AGGRESSIVE;
				GCC_WARN_UNUSED_FUNCTION = YES;
				GCC_WARN_UNUSED_VARIABLE = YES;
				IPHONEOS_DEPLOYMENT_TARGET = 10.3;
				MTL_ENABLE_DEBUG_INFO = YES;
				ONLY_ACTIVE_ARCH = YES;
				SDKROOT = iphoneos;
				SWIFT_ACTIVE_COMPILATION_CONDITIONS = DEBUG;
				SWIFT_OPTIMIZATION_LEVEL = "-Onone";
				TARGETED_DEVICE_FAMILY = "1,2";
			};
			name = Debug;
		};
		120005191F7864F200FE0365 /* Release */ = {
			isa = XCBuildConfiguration;
			buildSettings = {
				ALWAYS_SEARCH_USER_PATHS = NO;
				CLANG_ANALYZER_NONNULL = YES;
				CLANG_ANALYZER_NUMBER_OBJECT_CONVERSION = YES_AGGRESSIVE;
				CLANG_CXX_LANGUAGE_STANDARD = "gnu++0x";
				CLANG_CXX_LIBRARY = "libc++";
				CLANG_ENABLE_MODULES = YES;
				CLANG_ENABLE_OBJC_ARC = YES;
				CLANG_WARN_BOOL_CONVERSION = YES;
				CLANG_WARN_CONSTANT_CONVERSION = YES;
				CLANG_WARN_DIRECT_OBJC_ISA_USAGE = YES_ERROR;
				CLANG_WARN_DOCUMENTATION_COMMENTS = YES;
				CLANG_WARN_EMPTY_BODY = YES;
				CLANG_WARN_ENUM_CONVERSION = YES;
				CLANG_WARN_INFINITE_RECURSION = YES;
				CLANG_WARN_INT_CONVERSION = YES;
				CLANG_WARN_OBJC_ROOT_CLASS = YES_ERROR;
				CLANG_WARN_SUSPICIOUS_MOVE = YES;
				CLANG_WARN_UNREACHABLE_CODE = YES;
				CLANG_WARN__DUPLICATE_METHOD_MATCH = YES;
				"CODE_SIGN_IDENTITY[sdk=iphoneos*]" = "iPhone Developer";
				COPY_PHASE_STRIP = NO;
				DEBUG_INFORMATION_FORMAT = "dwarf-with-dsym";
				ENABLE_NS_ASSERTIONS = NO;
				ENABLE_STRICT_OBJC_MSGSEND = YES;
				GCC_C_LANGUAGE_STANDARD = gnu99;
				GCC_NO_COMMON_BLOCKS = YES;
				GCC_WARN_64_TO_32_BIT_CONVERSION = YES;
				GCC_WARN_ABOUT_RETURN_TYPE = YES_ERROR;
				GCC_WARN_UNDECLARED_SELECTOR = YES;
				GCC_WARN_UNINITIALIZED_AUTOS = YES_AGGRESSIVE;
				GCC_WARN_UNUSED_FUNCTION = YES;
				GCC_WARN_UNUSED_VARIABLE = YES;
				IPHONEOS_DEPLOYMENT_TARGET = 10.3;
				MTL_ENABLE_DEBUG_INFO = NO;
				SDKROOT = iphoneos;
				SWIFT_OPTIMIZATION_LEVEL = "-Owholemodule";
				TARGETED_DEVICE_FAMILY = "1,2";
				VALIDATE_PRODUCT = YES;
			};
			name = Release;
		};
		1200051B1F7864F200FE0365 /* Debug */ = {
			isa = XCBuildConfiguration;
			buildSettings = {
				ASSETCATALOG_COMPILER_APPICON_NAME = AppIcon;
				DEVELOPMENT_TEAM = 4FK69UW4TT;
				INFOPLIST_FILE = ioscalculator/Info.plist;
				LD_RUNPATH_SEARCH_PATHS = "$(inherited) @executable_path/Frameworks";
				PRODUCT_BUNDLE_IDENTIFIER = com.honggao.ioscalculator;
				PRODUCT_NAME = "$(TARGET_NAME)";
				SWIFT_VERSION = 3.0;
			};
			name = Debug;
		};
		1200051C1F7864F200FE0365 /* Release */ = {
			isa = XCBuildConfiguration;
			buildSettings = {
				ASSETCATALOG_COMPILER_APPICON_NAME = AppIcon;
				DEVELOPMENT_TEAM = 4FK69UW4TT;
				INFOPLIST_FILE = ioscalculator/Info.plist;
				LD_RUNPATH_SEARCH_PATHS = "$(inherited) @executable_path/Frameworks";
				PRODUCT_BUNDLE_IDENTIFIER = com.honggao.ioscalculator;
				PRODUCT_NAME = "$(TARGET_NAME)";
				SWIFT_VERSION = 3.0;
			};
			name = Release;
		};
/* End XCBuildConfiguration section */

/* Begin XCConfigurationList section */
		120005001F7864F200FE0365 /* Build configuration list for PBXProject "ioscalculator" */ = {
			isa = XCConfigurationList;
			buildConfigurations = (
				120005181F7864F200FE0365 /* Debug */,
				120005191F7864F200FE0365 /* Release */,
			);
			defaultConfigurationIsVisible = 0;
			defaultConfigurationName = Release;
		};
		1200051A1F7864F200FE0365 /* Build configuration list for PBXNativeTarget "ioscalculator" */ = {
			isa = XCConfigurationList;
			buildConfigurations = (
				1200051B1F7864F200FE0365 /* Debug */,
				1200051C1F7864F200FE0365 /* Release */,
			);
			defaultConfigurationIsVisible = 0;
		};
/* End XCConfigurationList section */

/* Begin XCVersionGroup section */
		1200050F1F7864F200FE0365 /* ioscalculator.xcdatamodeld */ = {
			isa = XCVersionGroup;
			children = (
				120005101F7864F200FE0365 /* ioscalculator.xcdatamodel */,
			);
			currentVersion = 120005101F7864F200FE0365 /* ioscalculator.xcdatamodel */;
			path = ioscalculator.xcdatamodeld;
			sourceTree = "<group>";
			versionGroupType = wrapper.xcdatamodel;
		};
/* End XCVersionGroup section */
	};
	rootObject = 120004FD1F7864F200FE0365 /* Project object */;
}
